Microsoft Visual Studio Solution File, Format Version 12.00
# Visual Studio 2012
Project("{FAE04EC0-301F-11D3-BF4B-00C04F79EFBC}") = "MonsterHunterIdle", "MonsterHunterIdle.csproj", "{0D8A1FBF-5DC1-4927-9950-A29A13256CEF}"
EndProject
Global
	GlobalSection(SolutionConfigurationPlatforms) = preSolution
	Debug|Any CPU = Debug|Any CPU
	ExportDebug|Any CPU = ExportDebug|Any CPU
	ExportRelease|Any CPU = ExportRelease|Any CPU
	EndGlobalSection
	GlobalSection(ProjectConfigurationPlatforms) = postSolution
		{0D8A1FBF-5DC1-4927-9950-A29A13256CEF}.Debug|Any CPU.ActiveCfg = Debug|Any CPU
		{0D8A1FBF-5DC1-4927-9950-A29A13256CEF}.Debug|Any CPU.Build.0 = Debug|Any CPU
		{0D8A1FBF-5DC1-4927-9950-A29A13256CEF}.ExportDebug|Any CPU.ActiveCfg = ExportDebug|Any CPU
		{0D8A1FBF-5DC1-4927-9950-A29A13256CEF}.ExportDebug|Any CPU.Build.0 = ExportDebug|Any CPU
		{0D8A1FBF-5DC1-4927-9950-A29A13256CEF}.ExportRelease|Any CPU.ActiveCfg = ExportRelease|Any CPU
		{0D8A1FBF-5DC1-4927-9950-A29A13256CEF}.ExportRelease|Any CPU.Build.0 = ExportRelease|Any CPU
	EndGlobalSection
EndGlobal
